// !$*UTF8*$!
{
	archiveVersion = 1;
	classes = {
	};
	objectVersion = 46;
	objects = {

/* Begin PBXBuildFile section */
		D169D10B1C19C4E0002F62D6 /* EventMonitor.swift in Sources */ = {isa = PBXBuildFile; fileRef = D169D10A1C19C4E0002F62D6 /* EventMonitor.swift */; };
		D1DFEF841C172493000B9991 /* AppDelegate.swift in Sources */ = {isa = PBXBuildFile; fileRef = D1DFEF831C172493000B9991 /* AppDelegate.swift */; };
		D1DFEF861C172493000B9991 /* ViewController.swift in Sources */ = {isa = PBXBuildFile; fileRef = D1DFEF851C172493000B9991 /* ViewController.swift */; };
		D1DFEF881C172493000B9991 /* Assets.xcassets in Resources */ = {isa = PBXBuildFile; fileRef = D1DFEF871C172493000B9991 /* Assets.xcassets */; };
		D1DFEF8B1C172493000B9991 /* Main.storyboard in Resources */ = {isa = PBXBuildFile; fileRef = D1DFEF891C172493000B9991 /* Main.storyboard */; };
		D1DFEF961C172493000B9991 /* MenuBarTests.swift in Sources */ = {isa = PBXBuildFile; fileRef = D1DFEF951C172493000B9991 /* MenuBarTests.swift */; };
		D1DFEFA11C172493000B9991 /* MenuBarUITests.swift in Sources */ = {isa = PBXBuildFile; fileRef = D1DFEFA01C172493000B9991 /* MenuBarUITests.swift */; };
		D1DFEFAF1C172759000B9991 /* WeatherViewController.swift in Sources */ = {isa = PBXBuildFile; fileRef = D1DFEFAE1C172759000B9991 /* WeatherViewController.swift */; };
/* End PBXBuildFile section */

/* Begin PBXContainerItemProxy section */
		D1DFEF921C172493000B9991 /* PBXContainerItemProxy */ = {
			isa = PBXContainerItemProxy;
			containerPortal = D1DFEF781C172493000B9991 /* Project object */;
			proxyType = 1;
			remoteGlobalIDString = D1DFEF7F1C172493000B9991;
			remoteInfo = MenuBar;
		};
		D1DFEF9D1C172493000B9991 /* PBXContainerItemProxy */ = {
			isa = PBXContainerItemProxy;
			containerPortal = D1DFEF781C172493000B9991 /* Project object */;
			proxyType = 1;
			remoteGlobalIDString = D1DFEF7F1C172493000B9991;
			remoteInfo = MenuBar;
		};
/* End PBXContainerItemProxy section */

/* Begin PBXFileReference section */
		D169D10A1C19C4E0002F62D6 /* EventMonitor.swift */ = {isa = PBXFileReference; fileEncoding = 4; lastKnownFileType = sourcecode.swift; path = EventMonitor.swift; sourceTree = "<group>"; };
		D1DFEF801C172493000B9991 /* MenuBar.app */ = {isa = PBXFileReference; explicitFileType = wrapper.application; includeInIndex = 0; path = MenuBar.app; sourceTree = BUILT_PRODUCTS_DIR; };
		D1DFEF831C172493000B9991 /* AppDelegate.swift */ = {isa = PBXFileReference; lastKnownFileType = sourcecode.swift; path = AppDelegate.swift; sourceTree = "<group>"; };
		D1DFEF851C172493000B9991 /* ViewController.swift */ = {isa = PBXFileReference; lastKnownFileType = sourcecode.swift; path = ViewController.swift; sourceTree = "<group>"; };
		D1DFEF871C172493000B9991 /* Assets.xcassets */ = {isa = PBXFileReference; lastKnownFileType = folder.assetcatalog; path = Assets.xcassets; sourceTree = "<group>"; };
		D1DFEF8A1C172493000B9991 /* Base */ = {isa = PBXFileReference; lastKnownFileType = file.storyboard; name = Base; path = Base.lproj/Main.storyboard; sourceTree = "<group>"; };
		D1DFEF8C1C172493000B9991 /* Info.plist */ = {isa = PBXFileReference; lastKnownFileType = text.plist.xml; path = Info.plist; sourceTree = "<group>"; };
		D1DFEF911C172493000B9991 /* MenuBarTests.xctest */ = {isa = PBXFileReference; explicitFileType = wrapper.cfbundle; includeInIndex = 0; path = MenuBarTests.xctest; sourceTree = BUILT_PRODUCTS_DIR; };
		D1DFEF951C172493000B9991 /* MenuBarTests.swift */ = {isa = PBXFileReference; lastKnownFileType = sourcecode.swift; path = MenuBarTests.swift; sourceTree = "<group>"; };
		D1DFEF971C172493000B9991 /* Info.plist */ = {isa = PBXFileReference; lastKnownFileType = text.plist.xml; path = Info.plist; sourceTree = "<group>"; };
		D1DFEF9C1C172493000B9991 /* MenuBarUITests.xctest */ = {isa = PBXFileReference; explicitFileType = wrapper.cfbundle; includeInIndex = 0; path = MenuBarUITests.xctest; sourceTree = BUILT_PRODUCTS_DIR; };
		D1DFEFA01C172493000B9991 /* MenuBarUITests.swift */ = {isa = PBXFileReference; lastKnownFileType = sourcecode.swift; path = MenuBarUITests.swift; sourceTree = "<group>"; };
		D1DFEFA21C172493000B9991 /* Info.plist */ = {isa = PBXFileReference; lastKnownFileType = text.plist.xml; path = Info.plist; sourceTree = "<group>"; };
		D1DFEFAE1C172759000B9991 /* WeatherViewController.swift */ = {isa = PBXFileReference; fileEncoding = 4; lastKnownFileType = sourcecode.swift; path = WeatherViewController.swift; sourceTree = "<group>"; };
/* End PBXFileReference section */

/* Begin PBXFrameworksBuildPhase section */
		D1DFEF7D1C172493000B9991 /* Frameworks */ = {
			isa = PBXFrameworksBuildPhase;
			buildActionMask = 2147483647;
			files = (
			);
			runOnlyForDeploymentPostprocessing = 0;
		};
		D1DFEF8E1C172493000B9991 /* Frameworks */ = {
			isa = PBXFrameworksBuildPhase;
			buildActionMask = 2147483647;
			files = (
			);
			runOnlyForDeploymentPostprocessing = 0;
		};
		D1DFEF991C172493000B9991 /* Frameworks */ = {
			isa = PBXFrameworksBuildPhase;
			buildActionMask = 2147483647;
			files = (
			);
			runOnlyForDeploymentPostprocessing = 0;
		};
/* End PBXFrameworksBuildPhase section */

/* Begin PBXGroup section */
		D1DFEF771C172493000B9991 = {
			isa = PBXGroup;
			children = (
				D1DFEF821C172493000B9991 /* MenuBar */,
				D1DFEF941C172493000B9991 /* MenuBarTests */,
				D1DFEF9F1C172493000B9991 /* MenuBarUITests */,
				D1DFEF811C172493000B9991 /* Products */,
			);
			sourceTree = "<group>";
		};
		D1DFEF811C172493000B9991 /* Products */ = {
			isa = PBXGroup;
			children = (
				D1DFEF801C172493000B9991 /* MenuBar.app */,
				D1DFEF911C172493000B9991 /* MenuBarTests.xctest */,
				D1DFEF9C1C172493000B9991 /* MenuBarUITests.xctest */,
			);
			name = Products;
			sourceTree = "<group>";
		};
		D1DFEF821C172493000B9991 /* MenuBar */ = {
			isa = PBXGroup;
			children = (
				D1DFEF831C172493000B9991 /* AppDelegate.swift */,
				D1DFEF851C172493000B9991 /* ViewController.swift */,
				D1DFEF871C172493000B9991 /* Assets.xcassets */,
				D1DFEF891C172493000B9991 /* Main.storyboard */,
				D1DFEF8C1C172493000B9991 /* Info.plist */,
				D1DFEFAE1C172759000B9991 /* WeatherViewController.swift */,
				D169D10A1C19C4E0002F62D6 /* EventMonitor.swift */,
			);
			path = MenuBar;
			sourceTree = "<group>";
		};
		D1DFEF941C172493000B9991 /* MenuBarTests */ = {
			isa = PBXGroup;
			children = (
				D1DFEF951C172493000B9991 /* MenuBarTests.swift */,
				D1DFEF971C172493000B9991 /* Info.plist */,
			);
			path = MenuBarTests;
			sourceTree = "<group>";
		};
		D1DFEF9F1C172493000B9991 /* MenuBarUITests */ = {
			isa = PBXGroup;
			children = (
				D1DFEFA01C172493000B9991 /* MenuBarUITests.swift */,
				D1DFEFA21C172493000B9991 /* Info.plist */,
			);
			path = MenuBarUITests;
			sourceTree = "<group>";
		};
/* End PBXGroup section */

/* Begin PBXNativeTarget section */
		D1DFEF7F1C172493000B9991 /* MenuBar */ = {
			isa = PBXNativeTarget;
			buildConfigurationList = D1DFEFA51C172493000B9991 /* Build configuration list for PBXNativeTarget "MenuBar" */;
			buildPhases = (
				D1DFEF7C1C172493000B9991 /* Sources */,
				D1DFEF7D1C172493000B9991 /* Frameworks */,
				D1DFEF7E1C172493000B9991 /* Resources */,
			);
			buildRules = (
			);
			dependencies = (
			);
			name = MenuBar;
			productName = MenuBar;
			productReference = D1DFEF801C172493000B9991 /* MenuBar.app */;
			productType = "com.apple.product-type.application";
		};
		D1DFEF901C172493000B9991 /* MenuBarTests */ = {
			isa = PBXNativeTarget;
			buildConfigurationList = D1DFEFA81C172493000B9991 /* Build configuration list for PBXNativeTarget "MenuBarTests" */;
			buildPhases = (
				D1DFEF8D1C172493000B9991 /* Sources */,
				D1DFEF8E1C172493000B9991 /* Frameworks */,
				D1DFEF8F1C172493000B9991 /* Resources */,
			);
			buildRules = (
			);
			dependencies = (
				D1DFEF931C172493000B9991 /* PBXTargetDependency */,
			);
			name = MenuBarTests;
			productName = MenuBarTests;
			productReference = D1DFEF911C172493000B9991 /* MenuBarTests.xctest */;
			productType = "com.apple.product-type.bundle.unit-test";
		};
		D1DFEF9B1C172493000B9991 /* MenuBarUITests */ = {
			isa = PBXNativeTarget;
			buildConfigurationList = D1DFEFAB1C172493000B9991 /* Build configuration list for PBXNativeTarget "MenuBarUITests" */;
			buildPhases = (
				D1DFEF981C172493000B9991 /* Sources */,
				D1DFEF991C172493000B9991 /* Frameworks */,
				D1DFEF9A1C172493000B9991 /* Resources */,
			);
			buildRules = (
			);
			dependencies = (
				D1DFEF9E1C172493000B9991 /* PBXTargetDependency */,
			);
			name = MenuBarUITests;
			productName = MenuBarUITests;
			productReference = D1DFEF9C1C172493000B9991 /* MenuBarUITests.xctest */;
			productType = "com.apple.product-type.bundle.ui-testing";
		};
/* End PBXNativeTarget section */

/* Begin PBXProject section */
		D1DFEF781C172493000B9991 /* Project object */ = {
			isa = PBXProject;
			attributes = {
				LastSwiftUpdateCheck = 0710;
				LastUpgradeCheck = 0710;
				ORGANIZATIONNAME = "STAY REAL";
				TargetAttributes = {
					D1DFEF7F1C172493000B9991 = {
						CreatedOnToolsVersion = 7.1.1;
					};
					D1DFEF901C172493000B9991 = {
						CreatedOnToolsVersion = 7.1.1;
						TestTargetID = D1DFEF7F1C172493000B9991;
					};
					D1DFEF9B1C172493000B9991 = {
						CreatedOnToolsVersion = 7.1.1;
						TestTargetID = D1DFEF7F1C172493000B9991;
					};
				};
			};
			buildConfigurationList = D1DFEF7B1C172493000B9991 /* Build configuration list for PBXProject "MenuBar" */;
			compatibilityVersion = "Xcode 3.2";
			developmentRegion = English;
			hasScannedForEncodings = 0;
			knownRegions = (
				en,
				Base,
			);
			mainGroup = D1DFEF771C172493000B9991;
			productRefGroup = D1DFEF811C172493000B9991 /* Products */;
			projectDirPath = "";
			projectRoot = "";
			targets = (
				D1DFEF7F1C172493000B9991 /* MenuBar */,
				D1DFEF901C172493000B9991 /* MenuBarTests */,
				D1DFEF9B1C172493000B9991 /* MenuBarUITests */,
			);
		};
/* End PBXProject section */

/* Begin PBXResourcesBuildPhase section */
		D1DFEF7E1C172493000B9991 /* Resources */ = {
			isa = PBXResourcesBuildPhase;
			buildActionMask = 2147483647;
			files = (
				D1DFEF881C172493000B9991 /* Assets.xcassets in Resources */,
				D1DFEF8B1C172493000B9991 /* Main.storyboard in Resources */,
			);
			runOnlyForDeploymentPostprocessing = 0;
		};
		D1DFEF8F1C172493000B9991 /* Resources */ = {
			isa = PBXResourcesBuildPhase;
			buildActionMask = 2147483647;
			files = (
			);
			runOnlyForDeploymentPostprocessing = 0;
		};
		D1DFEF9A1C172493000B9991 /* Resources */ = {
			isa = PBXResourcesBuildPhase;
			buildActionMask = 2147483647;
			files = (
			);
			runOnlyForDeploymentPostprocessing = 0;
		};
/* End PBXResourcesBuildPhase section */

/* Begin PBXSourcesBuildPhase section */
		D1DFEF7C1C172493000B9991 /* Sources */ = {
			isa = PBXSourcesBuildPhase;
			buildActionMask = 2147483647;
			files = (
				D1DFEF861C172493000B9991 /* ViewController.swift in Sources */,
				D1DFEFAF1C172759000B9991 /* WeatherViewController.swift in Sources */,
				D1DFEF841C172493000B9991 /* AppDelegate.swift in Sources */,
				D169D10B1C19C4E0002F62D6 /* EventMonitor.swift in Sources */,
			);
			runOnlyForDeploymentPostprocessing = 0;
		};
		D1DFEF8D1C172493000B9991 /* Sources */ = {
			isa = PBXSourcesBuildPhase;
			buildActionMask = 2147483647;
			files = (
				D1DFEF961C172493000B9991 /* MenuBarTests.swift in Sources */,
			);
			runOnlyForDeploymentPostprocessing = 0;
		};
		D1DFEF981C172493000B9991 /* Sources */ = {
			isa = PBXSourcesBuildPhase;
			buildActionMask = 2147483647;
			files = (
				D1DFEFA11C172493000B9991 /* MenuBarUITests.swift in Sources */,
			);
			runOnlyForDeploymentPostprocessing = 0;
		};
/* End PBXSourcesBuildPhase section */

/* Begin PBXTargetDependency section */
		D1DFEF931C172493000B9991 /* PBXTargetDependency */ = {
			isa = PBXTargetDependency;
			target = D1DFEF7F1C172493000B9991 /* MenuBar */;
			targetProxy = D1DFEF921C172493000B9991 /* PBXContainerItemProxy */;
		};
		D1DFEF9E1C172493000B9991 /* PBXTargetDependency */ = {
			isa = PBXTargetDependency;
			target = D1DFEF7F1C172493000B9991 /* MenuBar */;
			targetProxy = D1DFEF9D1C172493000B9991 /* PBXContainerItemProxy */;
		};
/* End PBXTargetDependency section */

/* Begin PBXVariantGroup section */
		D1DFEF891C172493000B9991 /* Main.storyboard */ = {
			isa = PBXVariantGroup;
			children = (
				D1DFEF8A1C172493000B9991 /* Base */,
			);
			name = Main.storyboard;
			sourceTree = "<group>";
		};
/* End PBXVariantGroup section */

/* Begin XCBuildConfiguration section */
		D1DFEFA31C172493000B9991 /* Debug */ = {
			isa = XCBuildConfiguration;
			buildSettings = {
				ALWAYS_SEARCH_USER_PATHS = NO;
				CLANG_CXX_LANGUAGE_STANDARD = "gnu++0x";
				CLANG_CXX_LIBRARY = "libc++";
				CLANG_ENABLE_MODULES = YES;
				CLANG_ENABLE_OBJC_ARC = YES;
				CLANG_WARN_BOOL_CONVERSION = YES;
				CLANG_WARN_CONSTANT_CONVERSION = YES;
				CLANG_WARN_DIRECT_OBJC_ISA_USAGE = YES_ERROR;
				CLANG_WARN_EMPTY_BODY = YES;
				CLANG_WARN_ENUM_CONVERSION = YES;
				CLANG_WARN_INT_CONVERSION = YES;
				CLANG_WARN_OBJC_ROOT_CLASS = YES_ERROR;
				CLANG_WARN_UNREACHABLE_CODE = YES;
				CLANG_WARN__DUPLICATE_METHOD_MATCH = YES;
				CODE_SIGN_IDENTITY = "-";
				COPY_PHASE_STRIP = NO;
				DEBUG_INFORMATION_FORMAT = dwarf;
				ENABLE_STRICT_OBJC_MSGSEND = YES;
				ENABLE_TESTABILITY = YES;
				GCC_C_LANGUAGE_STANDARD = gnu99;
				GCC_DYNAMIC_NO_PIC = NO;
				GCC_NO_COMMON_BLOCKS = YES;
				GCC_OPTIMIZATION_LEVEL = 0;
				GCC_PREPROCESSOR_DEFINITIONS = (
					"DEBUG=1",
					"$(inherited)",
				);
				GCC_WARN_64_TO_32_BIT_CONVERSION = YES;
				GCC_WARN_ABOUT_RETURN_TYPE = YES_ERROR;
				GCC_WARN_UNDECLARED_SELECTOR = YES;
				GCC_WARN_UNINITIALIZED_AUTOS = YES_AGGRESSIVE;
				GCC_WARN_UNUSED_FUNCTION = YES;
				GCC_WARN_UNUSED_VARIABLE = YES;
				MACOSX_DEPLOYMENT_TARGET = 10.11;
				MTL_ENABLE_DEBUG_INFO = YES;
				ONLY_ACTIVE_ARCH = YES;
				SDKROOT = macosx;
				SWIFT_OPTIMIZATION_LEVEL = "-Onone";
			};
			name = Debug;
		};
		D1DFEFA41C172493000B9991 /* Release */ = {
			isa = XCBuildConfiguration;
			buildSettings = {
				ALWAYS_SEARCH_USER_PATHS = NO;
				CLANG_CXX_LANGUAGE_STANDARD = "gnu++0x";
				CLANG_CXX_LIBRARY = "libc++";
				CLANG_ENABLE_MODULES = YES;
				CLANG_ENABLE_OBJC_ARC = YES;
				CLANG_WARN_BOOL_CONVERSION = YES;
				CLANG_WARN_CONSTANT_CONVERSION = YES;
				CLANG_WARN_DIRECT_OBJC_ISA_USAGE = YES_ERROR;
				CLANG_WARN_EMPTY_BODY = YES;
				CLANG_WARN_ENUM_CONVERSION = YES;
				CLANG_WARN_INT_CONVERSION = YES;
				CLANG_WARN_OBJC_ROOT_CLASS = YES_ERROR;
				CLANG_WARN_UNREACHABLE_CODE = YES;
				CLANG_WARN__DUPLICATE_METHOD_MATCH = YES;
				CODE_SIGN_IDENTITY = "-";
				COPY_PHASE_STRIP = NO;
				DEBUG_INFORMATION_FORMAT = "dwarf-with-dsym";
				ENABLE_NS_ASSERTIONS = NO;
				ENABLE_STRICT_OBJC_MSGSEND = YES;
				GCC_C_LANGUAGE_STANDARD = gnu99;
				GCC_NO_COMMON_BLOCKS = YES;
				GCC_WARN_64_TO_32_BIT_CONVERSION = YES;
				GCC_WARN_ABOUT_RETURN_TYPE = YES_ERROR;
				GCC_WARN_UNDECLARED_SELECTOR = YES;
				GCC_WARN_UNINITIALIZED_AUTOS = YES_AGGRESSIVE;
				GCC_WARN_UNUSED_FUNCTION = YES;
				GCC_WARN_UNUSED_VARIABLE = YES;
				MACOSX_DEPLOYMENT_TARGET = 10.11;
				MTL_ENABLE_DEBUG_INFO = NO;
				SDKROOT = macosx;
			};
			name = Release;
		};
		D1DFEFA61C172493000B9991 /* Debug */ = {
			isa = XCBuildConfiguration;
			buildSettings = {
				ASSETCATALOG_COMPILER_APPICON_NAME = AppIcon;
				COMBINE_HIDPI_IMAGES = YES;
				INFOPLIST_FILE = MenuBar/Info.plist;
				LD_RUNPATH_SEARCH_PATHS = "$(inherited) @executable_path/../Frameworks";
				PRODUCT_BUNDLE_IDENTIFIER = com.stayrealhk.MenuBar;
				PRODUCT_NAME = "$(TARGET_NAME)";
			};
			name = Debug;
		};
		D1DFEFA71C172493000B9991 /* Release */ = {
			isa = XCBuildConfiguration;
			buildSettings = {
				ASSETCATALOG_COMPILER_APPICON_NAME = AppIcon;
				COMBINE_HIDPI_IMAGES = YES;
				INFOPLIST_FILE = MenuBar/Info.plist;
				LD_RUNPATH_SEARCH_PATHS = "$(inherited) @executable_path/../Frameworks";
				PRODUCT_BUNDLE_IDENTIFIER = com.stayrealhk.MenuBar;
				PRODUCT_NAME = "$(TARGET_NAME)";
			};
			name = Release;
		};
		D1DFEFA91C172493000B9991 /* Debug */ = {
			isa = XCBuildConfiguration;
			buildSettings = {
				BUNDLE_LOADER = "$(TEST_HOST)";
				COMBINE_HIDPI_IMAGES = YES;
				INFOPLIST_FILE = MenuBarTests/Info.plist;
				LD_RUNPATH_SEARCH_PATHS = "$(inherited) @executable_path/../Frameworks @loader_path/../Frameworks";
				PRODUCT_BUNDLE_IDENTIFIER = com.stayrealhk.MenuBarTests;
				PRODUCT_NAME = "$(TARGET_NAME)";
				TEST_HOST = "$(BUILT_PRODUCTS_DIR)/MenuBar.app/Contents/MacOS/MenuBar";
			};
			name = Debug;
		};
		D1DFEFAA1C172493000B9991 /* Release */ = {
			isa = XCBuildConfiguration;
			buildSettings = {
				BUNDLE_LOADER = "$(TEST_HOST)";
				COMBINE_HIDPI_IMAGES = YES;
				INFOPLIST_FILE = MenuBarTests/Info.plist;
				LD_RUNPATH_SEARCH_PATHS = "$(inherited) @executable_path/../Frameworks @loader_path/../Frameworks";
				PRODUCT_BUNDLE_IDENTIFIER = com.stayrealhk.MenuBarTests;
				PRODUCT_NAME = "$(TARGET_NAME)";
				TEST_HOST = "$(BUILT_PRODUCTS_DIR)/MenuBar.app/Contents/MacOS/MenuBar";
			};
			name = Release;
		};
		D1DFEFAC1C172493000B9991 /* Debug */ = {
			isa = XCBuildConfiguration;
			buildSettings = {
				COMBINE_HIDPI_IMAGES = YES;
				INFOPLIST_FILE = MenuBarUITests/Info.plist;
				LD_RUNPATH_SEARCH_PATHS = "$(inherited) @executable_path/../Frameworks @loader_path/../Frameworks";
				PRODUCT_BUNDLE_IDENTIFIER = com.stayrealhk.MenuBarUITests;
				PRODUCT_NAME = "$(TARGET_NAME)";
				TEST_TARGET_NAME = MenuBar;
				USES_XCTRUNNER = YES;
			};
			name = Debug;
		};
		D1DFEFAD1C172493000B9991 /* Release */ = {
			isa = XCBuildConfiguration;
			buildSettings = {
				COMBINE_HIDPI_IMAGES = YES;
				INFOPLIST_FILE = MenuBarUITests/Info.plist;
				LD_RUNPATH_SEARCH_PATHS = "$(inherited) @executable_path/../Frameworks @loader_path/../Frameworks";
				PRODUCT_BUNDLE_IDENTIFIER = com.stayrealhk.MenuBarUITests;
				PRODUCT_NAME = "$(TARGET_NAME)";
				TEST_TARGET_NAME = MenuBar;
				USES_XCTRUNNER = YES;
			};
			name = Release;
		};
/* End XCBuildConfiguration section */

/* Begin XCConfigurationList section */
		D1DFEF7B1C172493000B9991 /* Build configuration list for PBXProject "MenuBar" */ = {
			isa = XCConfigurationList;
			buildConfigurations = (
				D1DFEFA31C172493000B9991 /* Debug */,
				D1DFEFA41C172493000B9991 /* Release */,
			);
			defaultConfigurationIsVisible = 0;
			defaultConfigurationName = Release;
		};
		D1DFEFA51C172493000B9991 /* Build configuration list for PBXNativeTarget "MenuBar" */ = {
			isa = XCConfigurationList;
			buildConfigurations = (
				D1DFEFA61C172493000B9991 /* Debug */,
				D1DFEFA71C172493000B9991 /* Release */,
			);
			defaultConfigurationIsVisible = 0;
			defaultConfigurationName = Release;
		};
		D1DFEFA81C172493000B9991 /* Build configuration list for PBXNativeTarget "MenuBarTests" */ = {
			isa = XCConfigurationList;
			buildConfigurations = (
				D1DFEFA91C172493000B9991 /* Debug */,
				D1DFEFAA1C172493000B9991 /* Release */,
			);
			defaultConfigurationIsVisible = 0;
			defaultConfigurationName = Release;
		};
		D1DFEFAB1C172493000B9991 /* Build configuration list for PBXNativeTarget "MenuBarUITests" */ = {
			isa = XCConfigurationList;
			buildConfigurations = (
				D1DFEFAC1C172493000B9991 /* Debug */,
				D1DFEFAD1C172493000B9991 /* Release */,
			);
			defaultConfigurationIsVisible = 0;
			defaultConfigurationName = Release;
		};
/* End XCConfigurationList section */
	};
	rootObject = D1DFEF781C172493000B9991 /* Project object */;
}
