// !$*UTF8*$!
{
	archiveVersion = 1;
	classes = {
	};
	objectVersion = 46;
	objects = {

/* Begin PBXBuildFile section */
		D113E5EE1C7CA5E400D00ECB /* AppDelegate.swift in Sources */ = {isa = PBXBuildFile; fileRef = D113E5ED1C7CA5E400D00ECB /* AppDelegate.swift */; };
		D113E5F01C7CA5E400D00ECB /* ViewController.swift in Sources */ = {isa = PBXBuildFile; fileRef = D113E5EF1C7CA5E400D00ECB /* ViewController.swift */; };
		D113E5F21C7CA5E400D00ECB /* Assets.xcassets in Resources */ = {isa = PBXBuildFile; fileRef = D113E5F11C7CA5E400D00ECB /* Assets.xcassets */; };
		D113E5F51C7CA5E400D00ECB /* Main.storyboard in Resources */ = {isa = PBXBuildFile; fileRef = D113E5F31C7CA5E400D00ECB /* Main.storyboard */; };
		D113E6001C7CA5E400D00ECB /* NSTimerTests.swift in Sources */ = {isa = PBXBuildFile; fileRef = D113E5FF1C7CA5E400D00ECB /* NSTimerTests.swift */; };
		D113E60B1C7CA5E400D00ECB /* NSTimerUITests.swift in Sources */ = {isa = PBXBuildFile; fileRef = D113E60A1C7CA5E400D00ECB /* NSTimerUITests.swift */; };
/* End PBXBuildFile section */

/* Begin PBXContainerItemProxy section */
		D113E5FC1C7CA5E400D00ECB /* PBXContainerItemProxy */ = {
			isa = PBXContainerItemProxy;
			containerPortal = D113E5E21C7CA5E400D00ECB /* Project object */;
			proxyType = 1;
			remoteGlobalIDString = D113E5E91C7CA5E400D00ECB;
			remoteInfo = NSTimer;
		};
		D113E6071C7CA5E400D00ECB /* PBXContainerItemProxy */ = {
			isa = PBXContainerItemProxy;
			containerPortal = D113E5E21C7CA5E400D00ECB /* Project object */;
			proxyType = 1;
			remoteGlobalIDString = D113E5E91C7CA5E400D00ECB;
			remoteInfo = NSTimer;
		};
/* End PBXContainerItemProxy section */

/* Begin PBXFileReference section */
		D113E5EA1C7CA5E400D00ECB /* NSTimer.app */ = {isa = PBXFileReference; explicitFileType = wrapper.application; includeInIndex = 0; path = NSTimer.app; sourceTree = BUILT_PRODUCTS_DIR; };
		D113E5ED1C7CA5E400D00ECB /* AppDelegate.swift */ = {isa = PBXFileReference; lastKnownFileType = sourcecode.swift; path = AppDelegate.swift; sourceTree = "<group>"; };
		D113E5EF1C7CA5E400D00ECB /* ViewController.swift */ = {isa = PBXFileReference; lastKnownFileType = sourcecode.swift; path = ViewController.swift; sourceTree = "<group>"; };
		D113E5F11C7CA5E400D00ECB /* Assets.xcassets */ = {isa = PBXFileReference; lastKnownFileType = folder.assetcatalog; path = Assets.xcassets; sourceTree = "<group>"; };
		D113E5F41C7CA5E400D00ECB /* Base */ = {isa = PBXFileReference; lastKnownFileType = file.storyboard; name = Base; path = Base.lproj/Main.storyboard; sourceTree = "<group>"; };
		D113E5F61C7CA5E400D00ECB /* Info.plist */ = {isa = PBXFileReference; lastKnownFileType = text.plist.xml; path = Info.plist; sourceTree = "<group>"; };
		D113E5FB1C7CA5E400D00ECB /* NSTimerTests.xctest */ = {isa = PBXFileReference; explicitFileType = wrapper.cfbundle; includeInIndex = 0; path = NSTimerTests.xctest; sourceTree = BUILT_PRODUCTS_DIR; };
		D113E5FF1C7CA5E400D00ECB /* NSTimerTests.swift */ = {isa = PBXFileReference; lastKnownFileType = sourcecode.swift; path = NSTimerTests.swift; sourceTree = "<group>"; };
		D113E6011C7CA5E400D00ECB /* Info.plist */ = {isa = PBXFileReference; lastKnownFileType = text.plist.xml; path = Info.plist; sourceTree = "<group>"; };
		D113E6061C7CA5E400D00ECB /* NSTimerUITests.xctest */ = {isa = PBXFileReference; explicitFileType = wrapper.cfbundle; includeInIndex = 0; path = NSTimerUITests.xctest; sourceTree = BUILT_PRODUCTS_DIR; };
		D113E60A1C7CA5E400D00ECB /* NSTimerUITests.swift */ = {isa = PBXFileReference; lastKnownFileType = sourcecode.swift; path = NSTimerUITests.swift; sourceTree = "<group>"; };
		D113E60C1C7CA5E400D00ECB /* Info.plist */ = {isa = PBXFileReference; lastKnownFileType = text.plist.xml; path = Info.plist; sourceTree = "<group>"; };
/* End PBXFileReference section */

/* Begin PBXFrameworksBuildPhase section */
		D113E5E71C7CA5E400D00ECB /* Frameworks */ = {
			isa = PBXFrameworksBuildPhase;
			buildActionMask = 2147483647;
			files = (
			);
			runOnlyForDeploymentPostprocessing = 0;
		};
		D113E5F81C7CA5E400D00ECB /* Frameworks */ = {
			isa = PBXFrameworksBuildPhase;
			buildActionMask = 2147483647;
			files = (
			);
			runOnlyForDeploymentPostprocessing = 0;
		};
		D113E6031C7CA5E400D00ECB /* Frameworks */ = {
			isa = PBXFrameworksBuildPhase;
			buildActionMask = 2147483647;
			files = (
			);
			runOnlyForDeploymentPostprocessing = 0;
		};
/* End PBXFrameworksBuildPhase section */

/* Begin PBXGroup section */
		D113E5E11C7CA5E400D00ECB = {
			isa = PBXGroup;
			children = (
				D113E5EC1C7CA5E400D00ECB /* NSTimer */,
				D113E5FE1C7CA5E400D00ECB /* NSTimerTests */,
				D113E6091C7CA5E400D00ECB /* NSTimerUITests */,
				D113E5EB1C7CA5E400D00ECB /* Products */,
			);
			sourceTree = "<group>";
		};
		D113E5EB1C7CA5E400D00ECB /* Products */ = {
			isa = PBXGroup;
			children = (
				D113E5EA1C7CA5E400D00ECB /* NSTimer.app */,
				D113E5FB1C7CA5E400D00ECB /* NSTimerTests.xctest */,
				D113E6061C7CA5E400D00ECB /* NSTimerUITests.xctest */,
			);
			name = Products;
			sourceTree = "<group>";
		};
		D113E5EC1C7CA5E400D00ECB /* NSTimer */ = {
			isa = PBXGroup;
			children = (
				D113E5ED1C7CA5E400D00ECB /* AppDelegate.swift */,
				D113E5EF1C7CA5E400D00ECB /* ViewController.swift */,
				D113E5F11C7CA5E400D00ECB /* Assets.xcassets */,
				D113E5F31C7CA5E400D00ECB /* Main.storyboard */,
				D113E5F61C7CA5E400D00ECB /* Info.plist */,
			);
			path = NSTimer;
			sourceTree = "<group>";
		};
		D113E5FE1C7CA5E400D00ECB /* NSTimerTests */ = {
			isa = PBXGroup;
			children = (
				D113E5FF1C7CA5E400D00ECB /* NSTimerTests.swift */,
				D113E6011C7CA5E400D00ECB /* Info.plist */,
			);
			path = NSTimerTests;
			sourceTree = "<group>";
		};
		D113E6091C7CA5E400D00ECB /* NSTimerUITests */ = {
			isa = PBXGroup;
			children = (
				D113E60A1C7CA5E400D00ECB /* NSTimerUITests.swift */,
				D113E60C1C7CA5E400D00ECB /* Info.plist */,
			);
			path = NSTimerUITests;
			sourceTree = "<group>";
		};
/* End PBXGroup section */

/* Begin PBXNativeTarget section */
		D113E5E91C7CA5E400D00ECB /* NSTimer */ = {
			isa = PBXNativeTarget;
			buildConfigurationList = D113E60F1C7CA5E400D00ECB /* Build configuration list for PBXNativeTarget "NSTimer" */;
			buildPhases = (
				D113E5E61C7CA5E400D00ECB /* Sources */,
				D113E5E71C7CA5E400D00ECB /* Frameworks */,
				D113E5E81C7CA5E400D00ECB /* Resources */,
			);
			buildRules = (
			);
			dependencies = (
			);
			name = NSTimer;
			productName = NSTimer;
			productReference = D113E5EA1C7CA5E400D00ECB /* NSTimer.app */;
			productType = "com.apple.product-type.application";
		};
		D113E5FA1C7CA5E400D00ECB /* NSTimerTests */ = {
			isa = PBXNativeTarget;
			buildConfigurationList = D113E6121C7CA5E400D00ECB /* Build configuration list for PBXNativeTarget "NSTimerTests" */;
			buildPhases = (
				D113E5F71C7CA5E400D00ECB /* Sources */,
				D113E5F81C7CA5E400D00ECB /* Frameworks */,
				D113E5F91C7CA5E400D00ECB /* Resources */,
			);
			buildRules = (
			);
			dependencies = (
				D113E5FD1C7CA5E400D00ECB /* PBXTargetDependency */,
			);
			name = NSTimerTests;
			productName = NSTimerTests;
			productReference = D113E5FB1C7CA5E400D00ECB /* NSTimerTests.xctest */;
			productType = "com.apple.product-type.bundle.unit-test";
		};
		D113E6051C7CA5E400D00ECB /* NSTimerUITests */ = {
			isa = PBXNativeTarget;
			buildConfigurationList = D113E6151C7CA5E400D00ECB /* Build configuration list for PBXNativeTarget "NSTimerUITests" */;
			buildPhases = (
				D113E6021C7CA5E400D00ECB /* Sources */,
				D113E6031C7CA5E400D00ECB /* Frameworks */,
				D113E6041C7CA5E400D00ECB /* Resources */,
			);
			buildRules = (
			);
			dependencies = (
				D113E6081C7CA5E400D00ECB /* PBXTargetDependency */,
			);
			name = NSTimerUITests;
			productName = NSTimerUITests;
			productReference = D113E6061C7CA5E400D00ECB /* NSTimerUITests.xctest */;
			productType = "com.apple.product-type.bundle.ui-testing";
		};
/* End PBXNativeTarget section */

/* Begin PBXProject section */
		D113E5E21C7CA5E400D00ECB /* Project object */ = {
			isa = PBXProject;
			attributes = {
				LastSwiftUpdateCheck = 0720;
				LastUpgradeCheck = 0720;
				ORGANIZATIONNAME = "STAY REAL";
				TargetAttributes = {
					D113E5E91C7CA5E400D00ECB = {
						CreatedOnToolsVersion = 7.2.1;
					};
					D113E5FA1C7CA5E400D00ECB = {
						CreatedOnToolsVersion = 7.2.1;
						TestTargetID = D113E5E91C7CA5E400D00ECB;
					};
					D113E6051C7CA5E400D00ECB = {
						CreatedOnToolsVersion = 7.2.1;
						TestTargetID = D113E5E91C7CA5E400D00ECB;
					};
				};
			};
			buildConfigurationList = D113E5E51C7CA5E400D00ECB /* Build configuration list for PBXProject "NSTimer" */;
			compatibilityVersion = "Xcode 3.2";
			developmentRegion = English;
			hasScannedForEncodings = 0;
			knownRegions = (
				en,
				Base,
			);
			mainGroup = D113E5E11C7CA5E400D00ECB;
			productRefGroup = D113E5EB1C7CA5E400D00ECB /* Products */;
			projectDirPath = "";
			projectRoot = "";
			targets = (
				D113E5E91C7CA5E400D00ECB /* NSTimer */,
				D113E5FA1C7CA5E400D00ECB /* NSTimerTests */,
				D113E6051C7CA5E400D00ECB /* NSTimerUITests */,
			);
		};
/* End PBXProject section */

/* Begin PBXResourcesBuildPhase section */
		D113E5E81C7CA5E400D00ECB /* Resources */ = {
			isa = PBXResourcesBuildPhase;
			buildActionMask = 2147483647;
			files = (
				D113E5F21C7CA5E400D00ECB /* Assets.xcassets in Resources */,
				D113E5F51C7CA5E400D00ECB /* Main.storyboard in Resources */,
			);
			runOnlyForDeploymentPostprocessing = 0;
		};
		D113E5F91C7CA5E400D00ECB /* Resources */ = {
			isa = PBXResourcesBuildPhase;
			buildActionMask = 2147483647;
			files = (
			);
			runOnlyForDeploymentPostprocessing = 0;
		};
		D113E6041C7CA5E400D00ECB /* Resources */ = {
			isa = PBXResourcesBuildPhase;
			buildActionMask = 2147483647;
			files = (
			);
			runOnlyForDeploymentPostprocessing = 0;
		};
/* End PBXResourcesBuildPhase section */

/* Begin PBXSourcesBuildPhase section */
		D113E5E61C7CA5E400D00ECB /* Sources */ = {
			isa = PBXSourcesBuildPhase;
			buildActionMask = 2147483647;
			files = (
				D113E5F01C7CA5E400D00ECB /* ViewController.swift in Sources */,
				D113E5EE1C7CA5E400D00ECB /* AppDelegate.swift in Sources */,
			);
			runOnlyForDeploymentPostprocessing = 0;
		};
		D113E5F71C7CA5E400D00ECB /* Sources */ = {
			isa = PBXSourcesBuildPhase;
			buildActionMask = 2147483647;
			files = (
				D113E6001C7CA5E400D00ECB /* NSTimerTests.swift in Sources */,
			);
			runOnlyForDeploymentPostprocessing = 0;
		};
		D113E6021C7CA5E400D00ECB /* Sources */ = {
			isa = PBXSourcesBuildPhase;
			buildActionMask = 2147483647;
			files = (
				D113E60B1C7CA5E400D00ECB /* NSTimerUITests.swift in Sources */,
			);
			runOnlyForDeploymentPostprocessing = 0;
		};
/* End PBXSourcesBuildPhase section */

/* Begin PBXTargetDependency section */
		D113E5FD1C7CA5E400D00ECB /* PBXTargetDependency */ = {
			isa = PBXTargetDependency;
			target = D113E5E91C7CA5E400D00ECB /* NSTimer */;
			targetProxy = D113E5FC1C7CA5E400D00ECB /* PBXContainerItemProxy */;
		};
		D113E6081C7CA5E400D00ECB /* PBXTargetDependency */ = {
			isa = PBXTargetDependency;
			target = D113E5E91C7CA5E400D00ECB /* NSTimer */;
			targetProxy = D113E6071C7CA5E400D00ECB /* PBXContainerItemProxy */;
		};
/* End PBXTargetDependency section */

/* Begin PBXVariantGroup section */
		D113E5F31C7CA5E400D00ECB /* Main.storyboard */ = {
			isa = PBXVariantGroup;
			children = (
				D113E5F41C7CA5E400D00ECB /* Base */,
			);
			name = Main.storyboard;
			sourceTree = "<group>";
		};
/* End PBXVariantGroup section */

/* Begin XCBuildConfiguration section */
		D113E60D1C7CA5E400D00ECB /* Debug */ = {
			isa = XCBuildConfiguration;
			buildSettings = {
				ALWAYS_SEARCH_USER_PATHS = NO;
				CLANG_CXX_LANGUAGE_STANDARD = "gnu++0x";
				CLANG_CXX_LIBRARY = "libc++";
				CLANG_ENABLE_MODULES = YES;
				CLANG_ENABLE_OBJC_ARC = YES;
				CLANG_WARN_BOOL_CONVERSION = YES;
				CLANG_WARN_CONSTANT_CONVERSION = YES;
				CLANG_WARN_DIRECT_OBJC_ISA_USAGE = YES_ERROR;
				CLANG_WARN_EMPTY_BODY = YES;
				CLANG_WARN_ENUM_CONVERSION = YES;
				CLANG_WARN_INT_CONVERSION = YES;
				CLANG_WARN_OBJC_ROOT_CLASS = YES_ERROR;
				CLANG_WARN_UNREACHABLE_CODE = YES;
				CLANG_WARN__DUPLICATE_METHOD_MATCH = YES;
				CODE_SIGN_IDENTITY = "-";
				COPY_PHASE_STRIP = NO;
				DEBUG_INFORMATION_FORMAT = dwarf;
				ENABLE_STRICT_OBJC_MSGSEND = YES;
				ENABLE_TESTABILITY = YES;
				GCC_C_LANGUAGE_STANDARD = gnu99;
				GCC_DYNAMIC_NO_PIC = NO;
				GCC_NO_COMMON_BLOCKS = YES;
				GCC_OPTIMIZATION_LEVEL = 0;
				GCC_PREPROCESSOR_DEFINITIONS = (
					"DEBUG=1",
					"$(inherited)",
				);
				GCC_WARN_64_TO_32_BIT_CONVERSION = YES;
				GCC_WARN_ABOUT_RETURN_TYPE = YES_ERROR;
				GCC_WARN_UNDECLARED_SELECTOR = YES;
				GCC_WARN_UNINITIALIZED_AUTOS = YES_AGGRESSIVE;
				GCC_WARN_UNUSED_FUNCTION = YES;
				GCC_WARN_UNUSED_VARIABLE = YES;
				MACOSX_DEPLOYMENT_TARGET = 10.11;
				MTL_ENABLE_DEBUG_INFO = YES;
				ONLY_ACTIVE_ARCH = YES;
				SDKROOT = macosx;
				SWIFT_OPTIMIZATION_LEVEL = "-Onone";
			};
			name = Debug;
		};
		D113E60E1C7CA5E400D00ECB /* Release */ = {
			isa = XCBuildConfiguration;
			buildSettings = {
				ALWAYS_SEARCH_USER_PATHS = NO;
				CLANG_CXX_LANGUAGE_STANDARD = "gnu++0x";
				CLANG_CXX_LIBRARY = "libc++";
				CLANG_ENABLE_MODULES = YES;
				CLANG_ENABLE_OBJC_ARC = YES;
				CLANG_WARN_BOOL_CONVERSION = YES;
				CLANG_WARN_CONSTANT_CONVERSION = YES;
				CLANG_WARN_DIRECT_OBJC_ISA_USAGE = YES_ERROR;
				CLANG_WARN_EMPTY_BODY = YES;
				CLANG_WARN_ENUM_CONVERSION = YES;
				CLANG_WARN_INT_CONVERSION = YES;
				CLANG_WARN_OBJC_ROOT_CLASS = YES_ERROR;
				CLANG_WARN_UNREACHABLE_CODE = YES;
				CLANG_WARN__DUPLICATE_METHOD_MATCH = YES;
				CODE_SIGN_IDENTITY = "-";
				COPY_PHASE_STRIP = NO;
				DEBUG_INFORMATION_FORMAT = "dwarf-with-dsym";
				ENABLE_NS_ASSERTIONS = NO;
				ENABLE_STRICT_OBJC_MSGSEND = YES;
				GCC_C_LANGUAGE_STANDARD = gnu99;
				GCC_NO_COMMON_BLOCKS = YES;
				GCC_WARN_64_TO_32_BIT_CONVERSION = YES;
				GCC_WARN_ABOUT_RETURN_TYPE = YES_ERROR;
				GCC_WARN_UNDECLARED_SELECTOR = YES;
				GCC_WARN_UNINITIALIZED_AUTOS = YES_AGGRESSIVE;
				GCC_WARN_UNUSED_FUNCTION = YES;
				GCC_WARN_UNUSED_VARIABLE = YES;
				MACOSX_DEPLOYMENT_TARGET = 10.11;
				MTL_ENABLE_DEBUG_INFO = NO;
				SDKROOT = macosx;
			};
			name = Release;
		};
		D113E6101C7CA5E400D00ECB /* Debug */ = {
			isa = XCBuildConfiguration;
			buildSettings = {
				ASSETCATALOG_COMPILER_APPICON_NAME = AppIcon;
				COMBINE_HIDPI_IMAGES = YES;
				INFOPLIST_FILE = NSTimer/Info.plist;
				LD_RUNPATH_SEARCH_PATHS = "$(inherited) @executable_path/../Frameworks";
				PRODUCT_BUNDLE_IDENTIFIER = com.stayrealhk.NSTimer;
				PRODUCT_NAME = "$(TARGET_NAME)";
			};
			name = Debug;
		};
		D113E6111C7CA5E400D00ECB /* Release */ = {
			isa = XCBuildConfiguration;
			buildSettings = {
				ASSETCATALOG_COMPILER_APPICON_NAME = AppIcon;
				COMBINE_HIDPI_IMAGES = YES;
				INFOPLIST_FILE = NSTimer/Info.plist;
				LD_RUNPATH_SEARCH_PATHS = "$(inherited) @executable_path/../Frameworks";
				PRODUCT_BUNDLE_IDENTIFIER = com.stayrealhk.NSTimer;
				PRODUCT_NAME = "$(TARGET_NAME)";
			};
			name = Release;
		};
		D113E6131C7CA5E400D00ECB /* Debug */ = {
			isa = XCBuildConfiguration;
			buildSettings = {
				BUNDLE_LOADER = "$(TEST_HOST)";
				COMBINE_HIDPI_IMAGES = YES;
				INFOPLIST_FILE = NSTimerTests/Info.plist;
				LD_RUNPATH_SEARCH_PATHS = "$(inherited) @executable_path/../Frameworks @loader_path/../Frameworks";
				PRODUCT_BUNDLE_IDENTIFIER = com.stayrealhk.NSTimerTests;
				PRODUCT_NAME = "$(TARGET_NAME)";
				TEST_HOST = "$(BUILT_PRODUCTS_DIR)/NSTimer.app/Contents/MacOS/NSTimer";
			};
			name = Debug;
		};
		D113E6141C7CA5E400D00ECB /* Release */ = {
			isa = XCBuildConfiguration;
			buildSettings = {
				BUNDLE_LOADER = "$(TEST_HOST)";
				COMBINE_HIDPI_IMAGES = YES;
				INFOPLIST_FILE = NSTimerTests/Info.plist;
				LD_RUNPATH_SEARCH_PATHS = "$(inherited) @executable_path/../Frameworks @loader_path/../Frameworks";
				PRODUCT_BUNDLE_IDENTIFIER = com.stayrealhk.NSTimerTests;
				PRODUCT_NAME = "$(TARGET_NAME)";
				TEST_HOST = "$(BUILT_PRODUCTS_DIR)/NSTimer.app/Contents/MacOS/NSTimer";
			};
			name = Release;
		};
		D113E6161C7CA5E400D00ECB /* Debug */ = {
			isa = XCBuildConfiguration;
			buildSettings = {
				COMBINE_HIDPI_IMAGES = YES;
				INFOPLIST_FILE = NSTimerUITests/Info.plist;
				LD_RUNPATH_SEARCH_PATHS = "$(inherited) @executable_path/../Frameworks @loader_path/../Frameworks";
				PRODUCT_BUNDLE_IDENTIFIER = com.stayrealhk.NSTimerUITests;
				PRODUCT_NAME = "$(TARGET_NAME)";
				TEST_TARGET_NAME = NSTimer;
				USES_XCTRUNNER = YES;
			};
			name = Debug;
		};
		D113E6171C7CA5E400D00ECB /* Release */ = {
			isa = XCBuildConfiguration;
			buildSettings = {
				COMBINE_HIDPI_IMAGES = YES;
				INFOPLIST_FILE = NSTimerUITests/Info.plist;
				LD_RUNPATH_SEARCH_PATHS = "$(inherited) @executable_path/../Frameworks @loader_path/../Frameworks";
				PRODUCT_BUNDLE_IDENTIFIER = com.stayrealhk.NSTimerUITests;
				PRODUCT_NAME = "$(TARGET_NAME)";
				TEST_TARGET_NAME = NSTimer;
				USES_XCTRUNNER = YES;
			};
			name = Release;
		};
/* End XCBuildConfiguration section */

/* Begin XCConfigurationList section */
		D113E5E51C7CA5E400D00ECB /* Build configuration list for PBXProject "NSTimer" */ = {
			isa = XCConfigurationList;
			buildConfigurations = (
				D113E60D1C7CA5E400D00ECB /* Debug */,
				D113E60E1C7CA5E400D00ECB /* Release */,
			);
			defaultConfigurationIsVisible = 0;
			defaultConfigurationName = Release;
		};
		D113E60F1C7CA5E400D00ECB /* Build configuration list for PBXNativeTarget "NSTimer" */ = {
			isa = XCConfigurationList;
			buildConfigurations = (
				D113E6101C7CA5E400D00ECB /* Debug */,
				D113E6111C7CA5E400D00ECB /* Release */,
			);
			defaultConfigurationIsVisible = 0;
		};
		D113E6121C7CA5E400D00ECB /* Build configuration list for PBXNativeTarget "NSTimerTests" */ = {
			isa = XCConfigurationList;
			buildConfigurations = (
				D113E6131C7CA5E400D00ECB /* Debug */,
				D113E6141C7CA5E400D00ECB /* Release */,
			);
			defaultConfigurationIsVisible = 0;
		};
		D113E6151C7CA5E400D00ECB /* Build configuration list for PBXNativeTarget "NSTimerUITests" */ = {
			isa = XCConfigurationList;
			buildConfigurations = (
				D113E6161C7CA5E400D00ECB /* Debug */,
				D113E6171C7CA5E400D00ECB /* Release */,
			);
			defaultConfigurationIsVisible = 0;
		};
/* End XCConfigurationList section */
	};
	rootObject = D113E5E21C7CA5E400D00ECB /* Project object */;
}
